
Microsoft Visual Studio Solution File, Format Version 12.00
# Visual Studio Version 17
VisualStudioVersion = 17.14.36414.22 d17.14
MinimumVisualStudioVersion = 10.0.40219.1
Project("{FAE04EC0-301F-11D3-BF4B-00C04F79EFBC}") = "Quan_Ly_Khach_san", "Quan_Ly_Khach_san\Quan_Ly_Khach_san.csproj", "{8F326B4A-2986-493E-8224-2B3A2E9EA517}"
EndProject
Global
	GlobalSection(SolutionConfigurationPlatforms) = preSolution
		Debug|Any CPU = Debug|Any CPU
		Release|Any CPU = Release|Any CPU
	EndGlobalSection
	GlobalSection(ProjectConfigurationPlatforms) = postSolution
		{8F326B4A-2986-493E-8224-2B3A2E9EA517}.Debug|Any CPU.ActiveCfg = Debug|Any CPU
		{8F326B4A-2986-493E-8224-2B3A2E9EA517}.Debug|Any CPU.Build.0 = Debug|Any CPU
		{8F326B4A-2986-493E-8224-2B3A2E9EA517}.Release|Any CPU.ActiveCfg = Release|Any CPU
		{8F326B4A-2986-493E-8224-2B3A2E9EA517}.Release|Any CPU.Build.0 = Release|Any CPU
	EndGlobalSection
	GlobalSection(SolutionProperties) = preSolution
		HideSolutionNode = FALSE
	EndGlobalSection
	GlobalSection(ExtensibilityGlobals) = postSolution
		SolutionGuid = {1930537C-A34C-4FB5-8704-FFBFC2D6E2B8}
	EndGlobalSection
EndGlobal
